
Microsoft Visual Studio Solution File, Format Version 12.00
# Visual Studio Version 16
VisualStudioVersion = 16.0.30717.126
MinimumVisualStudioVersion = 10.0.40219.1
Project("{8BC9CEB8-8B4A-11D0-8D11-00A0C91BC942}") = "Chapter-7-Experiment-4", "Chapter-7-Experiment-4\Chapter-7-Experiment-4.vcxproj", "{220F06FD-C439-4D66-9095-CF70A1E8B84C}"
EndProject
Project("{8BC9CEB8-8B4A-11D0-8D11-00A0C91BC942}") = "7.4.1 简单四则运算", "7.4.1 简单四则运算\7.4.1 简单四则运算.vcxproj", "{F8AF29DB-1201-46FC-9C2D-57F0483CA9EB}"
EndProject
Project("{8BC9CEB8-8B4A-11D0-8D11-00A0C91BC942}") = "7.4.2 大数加", "大数加\大数加.vcxproj", "{98A40233-1DF0-4453-9901-574305521A0C}"
EndProject
Project("{8BC9CEB8-8B4A-11D0-8D11-00A0C91BC942}") = "7.4.3 大数和", "7.4.3 大数和\7.4.3 大数和.vcxproj", "{31671B94-E4F2-4ADF-B9ED-04AFDFD5B3A3}"
EndProject
Project("{8BC9CEB8-8B4A-11D0-8D11-00A0C91BC942}") = "7.4.4 彼此两点最近", "7.4.4 彼此两点最近\7.4.4 彼此两点最近.vcxproj", "{F6B9BE30-479B-4CE5-A0C4-BCAACCF83609}"
EndProject
Project("{8BC9CEB8-8B4A-11D0-8D11-00A0C91BC942}") = "7.4.5 离直线最近的点", "7.4.5 离直线最近的点\7.4.5 离直线最近的点.vcxproj", "{B5197262-B3B1-4B6A-A754-87BF9D8866EE}"
EndProject
Global
	GlobalSection(SolutionConfigurationPlatforms) = preSolution
		Debug|x64 = Debug|x64
		Debug|x86 = Debug|x86
		Release|x64 = Release|x64
		Release|x86 = Release|x86
	EndGlobalSection
	GlobalSection(ProjectConfigurationPlatforms) = postSolution
		{220F06FD-C439-4D66-9095-CF70A1E8B84C}.Debug|x64.ActiveCfg = Debug|x64
		{220F06FD-C439-4D66-9095-CF70A1E8B84C}.Debug|x64.Build.0 = Debug|x64
		{220F06FD-C439-4D66-9095-CF70A1E8B84C}.Debug|x86.ActiveCfg = Debug|Win32
		{220F06FD-C439-4D66-9095-CF70A1E8B84C}.Debug|x86.Build.0 = Debug|Win32
		{220F06FD-C439-4D66-9095-CF70A1E8B84C}.Release|x64.ActiveCfg = Release|x64
		{220F06FD-C439-4D66-9095-CF70A1E8B84C}.Release|x64.Build.0 = Release|x64
		{220F06FD-C439-4D66-9095-CF70A1E8B84C}.Release|x86.ActiveCfg = Release|Win32
		{220F06FD-C439-4D66-9095-CF70A1E8B84C}.Release|x86.Build.0 = Release|Win32
		{F8AF29DB-1201-46FC-9C2D-57F0483CA9EB}.Debug|x64.ActiveCfg = Debug|x64
		{F8AF29DB-1201-46FC-9C2D-57F0483CA9EB}.Debug|x64.Build.0 = Debug|x64
		{F8AF29DB-1201-46FC-9C2D-57F0483CA9EB}.Debug|x86.ActiveCfg = Debug|Win32
		{F8AF29DB-1201-46FC-9C2D-57F0483CA9EB}.Debug|x86.Build.0 = Debug|Win32
		{F8AF29DB-1201-46FC-9C2D-57F0483CA9EB}.Release|x64.ActiveCfg = Release|x64
		{F8AF29DB-1201-46FC-9C2D-57F0483CA9EB}.Release|x64.Build.0 = Release|x64
		{F8AF29DB-1201-46FC-9C2D-57F0483CA9EB}.Release|x86.ActiveCfg = Release|Win32
		{F8AF29DB-1201-46FC-9C2D-57F0483CA9EB}.Release|x86.Build.0 = Release|Win32
		{98A40233-1DF0-4453-9901-574305521A0C}.Debug|x64.ActiveCfg = Debug|x64
		{98A40233-1DF0-4453-9901-574305521A0C}.Debug|x64.Build.0 = Debug|x64
		{98A40233-1DF0-4453-9901-574305521A0C}.Debug|x86.ActiveCfg = Debug|Win32
		{98A40233-1DF0-4453-9901-574305521A0C}.Debug|x86.Build.0 = Debug|Win32
		{98A40233-1DF0-4453-9901-574305521A0C}.Release|x64.ActiveCfg = Release|x64
		{98A40233-1DF0-4453-9901-574305521A0C}.Release|x64.Build.0 = Release|x64
		{98A40233-1DF0-4453-9901-574305521A0C}.Release|x86.ActiveCfg = Release|Win32
		{98A40233-1DF0-4453-9901-574305521A0C}.Release|x86.Build.0 = Release|Win32
		{31671B94-E4F2-4ADF-B9ED-04AFDFD5B3A3}.Debug|x64.ActiveCfg = Debug|x64
		{31671B94-E4F2-4ADF-B9ED-04AFDFD5B3A3}.Debug|x64.Build.0 = Debug|x64
		{31671B94-E4F2-4ADF-B9ED-04AFDFD5B3A3}.Debug|x86.ActiveCfg = Debug|Win32
		{31671B94-E4F2-4ADF-B9ED-04AFDFD5B3A3}.Debug|x86.Build.0 = Debug|Win32
		{31671B94-E4F2-4ADF-B9ED-04AFDFD5B3A3}.Release|x64.ActiveCfg = Release|x64
		{31671B94-E4F2-4ADF-B9ED-04AFDFD5B3A3}.Release|x64.Build.0 = Release|x64
		{31671B94-E4F2-4ADF-B9ED-04AFDFD5B3A3}.Release|x86.ActiveCfg = Release|Win32
		{31671B94-E4F2-4ADF-B9ED-04AFDFD5B3A3}.Release|x86.Build.0 = Release|Win32
		{F6B9BE30-479B-4CE5-A0C4-BCAACCF83609}.Debug|x64.ActiveCfg = Debug|x64
		{F6B9BE30-479B-4CE5-A0C4-BCAACCF83609}.Debug|x64.Build.0 = Debug|x64
		{F6B9BE30-479B-4CE5-A0C4-BCAACCF83609}.Debug|x86.ActiveCfg = Debug|Win32
		{F6B9BE30-479B-4CE5-A0C4-BCAACCF83609}.Debug|x86.Build.0 = Debug|Win32
		{F6B9BE30-479B-4CE5-A0C4-BCAACCF83609}.Release|x64.ActiveCfg = Release|x64
		{F6B9BE30-479B-4CE5-A0C4-BCAACCF83609}.Release|x64.Build.0 = Release|x64
		{F6B9BE30-479B-4CE5-A0C4-BCAACCF83609}.Release|x86.ActiveCfg = Release|Win32
		{F6B9BE30-479B-4CE5-A0C4-BCAACCF83609}.Release|x86.Build.0 = Release|Win32
		{B5197262-B3B1-4B6A-A754-87BF9D8866EE}.Debug|x64.ActiveCfg = Debug|x64
		{B5197262-B3B1-4B6A-A754-87BF9D8866EE}.Debug|x64.Build.0 = Debug|x64
		{B5197262-B3B1-4B6A-A754-87BF9D8866EE}.Debug|x86.ActiveCfg = Debug|Win32
		{B5197262-B3B1-4B6A-A754-87BF9D8866EE}.Debug|x86.Build.0 = Debug|Win32
		{B5197262-B3B1-4B6A-A754-87BF9D8866EE}.Release|x64.ActiveCfg = Release|x64
		{B5197262-B3B1-4B6A-A754-87BF9D8866EE}.Release|x64.Build.0 = Release|x64
		{B5197262-B3B1-4B6A-A754-87BF9D8866EE}.Release|x86.ActiveCfg = Release|Win32
		{B5197262-B3B1-4B6A-A754-87BF9D8866EE}.Release|x86.Build.0 = Release|Win32
	EndGlobalSection
	GlobalSection(SolutionProperties) = preSolution
		HideSolutionNode = FALSE
	EndGlobalSection
	GlobalSection(ExtensibilityGlobals) = postSolution
		SolutionGuid = {B79EB011-4C0E-42CF-95BA-56F4DCF00CBA}
	EndGlobalSection
EndGlobal
